
Microsoft Visual Studio Solution File, Format Version 12.00
# Visual Studio Version 17
VisualStudioVersion = 17.11.35327.3
MinimumVisualStudioVersion = 10.0.40219.1
Project("{9A19103F-16F7-4668-BE54-9A1E7A4F7556}") = "Exceptions20241114", "Exceptions20241114\Exceptions20241114.csproj", "{B629E070-AD43-4FC0-8549-65BF6EB1A404}"
EndProject
Project("{9A19103F-16F7-4668-BE54-9A1E7A4F7556}") = "task2", "task2\task2.csproj", "{04C0B1D4-3E67-4724-8AE3-5D9359139415}"
EndProject
Project("{9A19103F-16F7-4668-BE54-9A1E7A4F7556}") = "task3", "task3\task3.csproj", "{2CF09CAB-8CF9-4949-9A63-25377D3E2710}"
EndProject
Project("{9A19103F-16F7-4668-BE54-9A1E7A4F7556}") = "task4", "task4\task4.csproj", "{4563BA86-298F-4B03-90E5-284AA7256377}"
EndProject
Project("{9A19103F-16F7-4668-BE54-9A1E7A4F7556}") = "Homework_task1", "Homework_task1\Homework_task1.csproj", "{810D83FB-45B7-4C80-B14A-5F069FD24FC9}"
EndProject
Project("{9A19103F-16F7-4668-BE54-9A1E7A4F7556}") = "Homework_task2", "Homework_task2\Homework_task2.csproj", "{533DED81-E00F-4E5E-95A4-E66CB87EB393}"
EndProject
Project("{FAE04EC0-301F-11D3-BF4B-00C04F79EFBC}") = "Homework_task3", "Homework_task3\Homework_task3.csproj", "{A57FE790-21DE-4B1A-9DC7-E363C93B5F58}"
EndProject
Global
	GlobalSection(SolutionConfigurationPlatforms) = preSolution
		Debug|Any CPU = Debug|Any CPU
		Release|Any CPU = Release|Any CPU
	EndGlobalSection
	GlobalSection(ProjectConfigurationPlatforms) = postSolution
		{B629E070-AD43-4FC0-8549-65BF6EB1A404}.Debug|Any CPU.ActiveCfg = Debug|Any CPU
		{B629E070-AD43-4FC0-8549-65BF6EB1A404}.Debug|Any CPU.Build.0 = Debug|Any CPU
		{B629E070-AD43-4FC0-8549-65BF6EB1A404}.Release|Any CPU.ActiveCfg = Release|Any CPU
		{B629E070-AD43-4FC0-8549-65BF6EB1A404}.Release|Any CPU.Build.0 = Release|Any CPU
		{04C0B1D4-3E67-4724-8AE3-5D9359139415}.Debug|Any CPU.ActiveCfg = Debug|Any CPU
		{04C0B1D4-3E67-4724-8AE3-5D9359139415}.Debug|Any CPU.Build.0 = Debug|Any CPU
		{04C0B1D4-3E67-4724-8AE3-5D9359139415}.Release|Any CPU.ActiveCfg = Release|Any CPU
		{04C0B1D4-3E67-4724-8AE3-5D9359139415}.Release|Any CPU.Build.0 = Release|Any CPU
		{2CF09CAB-8CF9-4949-9A63-25377D3E2710}.Debug|Any CPU.ActiveCfg = Debug|Any CPU
		{2CF09CAB-8CF9-4949-9A63-25377D3E2710}.Debug|Any CPU.Build.0 = Debug|Any CPU
		{2CF09CAB-8CF9-4949-9A63-25377D3E2710}.Release|Any CPU.ActiveCfg = Release|Any CPU
		{2CF09CAB-8CF9-4949-9A63-25377D3E2710}.Release|Any CPU.Build.0 = Release|Any CPU
		{4563BA86-298F-4B03-90E5-284AA7256377}.Debug|Any CPU.ActiveCfg = Debug|Any CPU
		{4563BA86-298F-4B03-90E5-284AA7256377}.Debug|Any CPU.Build.0 = Debug|Any CPU
		{4563BA86-298F-4B03-90E5-284AA7256377}.Release|Any CPU.ActiveCfg = Release|Any CPU
		{4563BA86-298F-4B03-90E5-284AA7256377}.Release|Any CPU.Build.0 = Release|Any CPU
		{810D83FB-45B7-4C80-B14A-5F069FD24FC9}.Debug|Any CPU.ActiveCfg = Debug|Any CPU
		{810D83FB-45B7-4C80-B14A-5F069FD24FC9}.Debug|Any CPU.Build.0 = Debug|Any CPU
		{810D83FB-45B7-4C80-B14A-5F069FD24FC9}.Release|Any CPU.ActiveCfg = Release|Any CPU
		{810D83FB-45B7-4C80-B14A-5F069FD24FC9}.Release|Any CPU.Build.0 = Release|Any CPU
		{533DED81-E00F-4E5E-95A4-E66CB87EB393}.Debug|Any CPU.ActiveCfg = Debug|Any CPU
		{533DED81-E00F-4E5E-95A4-E66CB87EB393}.Debug|Any CPU.Build.0 = Debug|Any CPU
		{533DED81-E00F-4E5E-95A4-E66CB87EB393}.Release|Any CPU.ActiveCfg = Release|Any CPU
		{533DED81-E00F-4E5E-95A4-E66CB87EB393}.Release|Any CPU.Build.0 = Release|Any CPU
		{A57FE790-21DE-4B1A-9DC7-E363C93B5F58}.Debug|Any CPU.ActiveCfg = Debug|Any CPU
		{A57FE790-21DE-4B1A-9DC7-E363C93B5F58}.Debug|Any CPU.Build.0 = Debug|Any CPU
		{A57FE790-21DE-4B1A-9DC7-E363C93B5F58}.Release|Any CPU.ActiveCfg = Release|Any CPU
		{A57FE790-21DE-4B1A-9DC7-E363C93B5F58}.Release|Any CPU.Build.0 = Release|Any CPU
	EndGlobalSection
	GlobalSection(SolutionProperties) = preSolution
		HideSolutionNode = FALSE
	EndGlobalSection
	GlobalSection(ExtensibilityGlobals) = postSolution
		SolutionGuid = {3C42EE61-2AEF-4E23-B9D4-5532D1CF3EBA}
	EndGlobalSection
EndGlobal
